
Microsoft Visual Studio Solution File, Format Version 12.00
# Visual Studio Version 17
VisualStudioVersion = 17.1.32228.430
MinimumVisualStudioVersion = 10.0.40219.1
Project("{FAE04EC0-301F-11D3-BF4B-00C04F79EFBC}") = "060422", "060422\060422.csproj", "{B32CF449-5A83-4C7A-B5EC-9BE36BFB841F}"
EndProject
Global
	GlobalSection(SolutionConfigurationPlatforms) = preSolution
		Debug|Any CPU = Debug|Any CPU
		Release|Any CPU = Release|Any CPU
	EndGlobalSection
	GlobalSection(ProjectConfigurationPlatforms) = postSolution
		{B32CF449-5A83-4C7A-B5EC-9BE36BFB841F}.Debug|Any CPU.ActiveCfg = Debug|Any CPU
		{B32CF449-5A83-4C7A-B5EC-9BE36BFB841F}.Debug|Any CPU.Build.0 = Debug|Any CPU
		{B32CF449-5A83-4C7A-B5EC-9BE36BFB841F}.Release|Any CPU.ActiveCfg = Release|Any CPU
		{B32CF449-5A83-4C7A-B5EC-9BE36BFB841F}.Release|Any CPU.Build.0 = Release|Any CPU
	EndGlobalSection
	GlobalSection(SolutionProperties) = preSolution
		HideSolutionNode = FALSE
	EndGlobalSection
	GlobalSection(ExtensibilityGlobals) = postSolution
		SolutionGuid = {91AC3CF9-DA05-4C33-8E45-C20FCC873C2F}
	EndGlobalSection
EndGlobal
